// !$*UTF8*$!
{
	archiveVersion = 1;
	classes = {
	};
	objectVersion = 46;
	objects = {

/* Begin PBXBuildFile section */
		0BC1E25D1C60CEDA00F190DD /* main.m in Sources */ = {isa = PBXBuildFile; fileRef = 0BC1E25C1C60CEDA00F190DD /* main.m */; };
		0BC1E2601C60CEDA00F190DD /* AppDelegate.m in Sources */ = {isa = PBXBuildFile; fileRef = 0BC1E25F1C60CEDA00F190DD /* AppDelegate.m */; };
		0BC1E2661C60CEDA00F190DD /* Main.storyboard in Resources */ = {isa = PBXBuildFile; fileRef = 0BC1E2641C60CEDA00F190DD /* Main.storyboard */; };
		0BC1E2681C60CEDA00F190DD /* Assets.xcassets in Resources */ = {isa = PBXBuildFile; fileRef = 0BC1E2671C60CEDA00F190DD /* Assets.xcassets */; };
		0BC1E26B1C60CEDA00F190DD /* LaunchScreen.storyboard in Resources */ = {isa = PBXBuildFile; fileRef = 0BC1E2691C60CEDA00F190DD /* LaunchScreen.storyboard */; };
		0BC1E2781C60D22600F190DD /* Bolts.framework in Frameworks */ = {isa = PBXBuildFile; fileRef = 0BC1E2721C60D22600F190DD /* Bolts.framework */; };
		0BC1E2791C60D22600F190DD /* Parse.framework in Frameworks */ = {isa = PBXBuildFile; fileRef = 0BC1E2731C60D22600F190DD /* Parse.framework */; };
		0BC1E27A1C60D22600F190DD /* ParseFacebookUtils.framework in Frameworks */ = {isa = PBXBuildFile; fileRef = 0BC1E2741C60D22600F190DD /* ParseFacebookUtils.framework */; };
		0BC1E27B1C60D22600F190DD /* ParseFacebookUtilsV4.framework in Frameworks */ = {isa = PBXBuildFile; fileRef = 0BC1E2751C60D22600F190DD /* ParseFacebookUtilsV4.framework */; };
		0BC1E27C1C60D22600F190DD /* ParseTwitterUtils.framework in Frameworks */ = {isa = PBXBuildFile; fileRef = 0BC1E2761C60D22600F190DD /* ParseTwitterUtils.framework */; };
		0BC1E27D1C60D22600F190DD /* ParseUI.framework in Frameworks */ = {isa = PBXBuildFile; fileRef = 0BC1E2771C60D22600F190DD /* ParseUI.framework */; };
		0BC1E2881C60D37800F190DD /* AudioToolbox.framework in Frameworks */ = {isa = PBXBuildFile; fileRef = 0BC1E27E1C60D37800F190DD /* AudioToolbox.framework */; };
		0BC1E2891C60D37800F190DD /* CFNetwork.framework in Frameworks */ = {isa = PBXBuildFile; fileRef = 0BC1E27F1C60D37800F190DD /* CFNetwork.framework */; };
		0BC1E28A1C60D37800F190DD /* CoreGraphics.framework in Frameworks */ = {isa = PBXBuildFile; fileRef = 0BC1E2801C60D37800F190DD /* CoreGraphics.framework */; };
		0BC1E28B1C60D37800F190DD /* CoreLocation.framework in Frameworks */ = {isa = PBXBuildFile; fileRef = 0BC1E2811C60D37800F190DD /* CoreLocation.framework */; };
		0BC1E28C1C60D37800F190DD /* libsqlite3.tbd in Frameworks */ = {isa = PBXBuildFile; fileRef = 0BC1E2821C60D37800F190DD /* libsqlite3.tbd */; };
		0BC1E28D1C60D37800F190DD /* libz.tbd in Frameworks */ = {isa = PBXBuildFile; fileRef = 0BC1E2831C60D37800F190DD /* libz.tbd */; };
		0BC1E28E1C60D37800F190DD /* QuartzCore.framework in Frameworks */ = {isa = PBXBuildFile; fileRef = 0BC1E2841C60D37800F190DD /* QuartzCore.framework */; };
		0BC1E28F1C60D37800F190DD /* Security.framework in Frameworks */ = {isa = PBXBuildFile; fileRef = 0BC1E2851C60D37800F190DD /* Security.framework */; };
		0BC1E2901C60D37800F190DD /* StoreKit.framework in Frameworks */ = {isa = PBXBuildFile; fileRef = 0BC1E2861C60D37800F190DD /* StoreKit.framework */; };
		0BC1E2911C60D37800F190DD /* SystemConfiguration.framework in Frameworks */ = {isa = PBXBuildFile; fileRef = 0BC1E2871C60D37800F190DD /* SystemConfiguration.framework */; };
		0BC1E29C1C616EE900F190DD /* LoginViewController.m in Sources */ = {isa = PBXBuildFile; fileRef = 0BC1E29B1C616EE800F190DD /* LoginViewController.m */; };
		0BC1E29F1C616F0700F190DD /* RegisterViewController.m in Sources */ = {isa = PBXBuildFile; fileRef = 0BC1E29E1C616F0700F190DD /* RegisterViewController.m */; };
		0BC1E2A21C616F9100F190DD /* ProfileViewController.m in Sources */ = {isa = PBXBuildFile; fileRef = 0BC1E2A11C616F9100F190DD /* ProfileViewController.m */; };
		0BC1E2A51C616FCF00F190DD /* HomeViewController.m in Sources */ = {isa = PBXBuildFile; fileRef = 0BC1E2A41C616FCF00F190DD /* HomeViewController.m */; };
		0BC1E2A81C6171AC00F190DD /* UserAdditionalInfoViewController.m in Sources */ = {isa = PBXBuildFile; fileRef = 0BC1E2A71C6171AC00F190DD /* UserAdditionalInfoViewController.m */; };
		0BC1E2AD1C61731400F190DD /* CreateMenuViewController.m in Sources */ = {isa = PBXBuildFile; fileRef = 0BC1E2AC1C61731400F190DD /* CreateMenuViewController.m */; };
		0BC1E2B01C61733400F190DD /* CreateProgramViewController.m in Sources */ = {isa = PBXBuildFile; fileRef = 0BC1E2AF1C61733400F190DD /* CreateProgramViewController.m */; };
		0BC1E2B31C61738100F190DD /* DetailsMenuViewController.m in Sources */ = {isa = PBXBuildFile; fileRef = 0BC1E2B21C61738100F190DD /* DetailsMenuViewController.m */; };
		0BC1E2B61C6173A100F190DD /* DetailsProgramViewController.m in Sources */ = {isa = PBXBuildFile; fileRef = 0BC1E2B51C6173A100F190DD /* DetailsProgramViewController.m */; };
		0BC1E2BB1C61761A00F190DD /* HomeTableViewCell.m in Sources */ = {isa = PBXBuildFile; fileRef = 0BC1E2B91C61761A00F190DD /* HomeTableViewCell.m */; };
		0BC1E2BC1C61761A00F190DD /* HomeTableViewCell.xib in Resources */ = {isa = PBXBuildFile; fileRef = 0BC1E2BA1C61761A00F190DD /* HomeTableViewCell.xib */; };
		0BC1E2C01C61770100F190DD /* DetailsProgramTableViewCell.m in Sources */ = {isa = PBXBuildFile; fileRef = 0BC1E2BE1C61770100F190DD /* DetailsProgramTableViewCell.m */; };
		0BC1E2C11C61770100F190DD /* DetailsProgramTableViewCell.xib in Resources */ = {isa = PBXBuildFile; fileRef = 0BC1E2BF1C61770100F190DD /* DetailsProgramTableViewCell.xib */; };
		0BD5E6951C6209C50024CF2C /* DBManager.m in Sources */ = {isa = PBXBuildFile; fileRef = 0BD5E6941C6209C50024CF2C /* DBManager.m */; };
		0BD5E6981C6213280024CF2C /* libsqlite3.dylib in Frameworks */ = {isa = PBXBuildFile; fileRef = 0BD5E6961C6213280024CF2C /* libsqlite3.dylib */; };
		0BD5E6991C6213280024CF2C /* libz.1.dylib in Frameworks */ = {isa = PBXBuildFile; fileRef = 0BD5E6971C6213280024CF2C /* libz.1.dylib */; };
		0BD5E69D1C622ADB0024CF2C /* User.m in Sources */ = {isa = PBXBuildFile; fileRef = 0BD5E69C1C622ADB0024CF2C /* User.m */; };
		0BD5E6A21C623A8F0024CF2C /* Validator.swift in Sources */ = {isa = PBXBuildFile; fileRef = 0BD5E6A11C623A8F0024CF2C /* Validator.swift */; };
		0BD5E6A81C6242730024CF2C /* UserConstants.m in Sources */ = {isa = PBXBuildFile; fileRef = 0BD5E6A71C6242730024CF2C /* UserConstants.m */; };
		0BD5E6AB1C6284400024CF2C /* Product.m in Sources */ = {isa = PBXBuildFile; fileRef = 0BD5E6AA1C6284400024CF2C /* Product.m */; };
		0BD5E6AE1C6287680024CF2C /* ProductConstants.m in Sources */ = {isa = PBXBuildFile; fileRef = 0BD5E6AD1C6287680024CF2C /* ProductConstants.m */; };
		0BD5E6B11C62A6090024CF2C /* Exercise.m in Sources */ = {isa = PBXBuildFile; fileRef = 0BD5E6B01C62A6090024CF2C /* Exercise.m */; };
		0BD5E6B41C62AAF70024CF2C /* ExerciseConstants.m in Sources */ = {isa = PBXBuildFile; fileRef = 0BD5E6B31C62AAF70024CF2C /* ExerciseConstants.m */; };
/* End PBXBuildFile section */

/* Begin PBXFileReference section */
		0BC1E2581C60CEDA00F190DD /* The Better Me.app */ = {isa = PBXFileReference; explicitFileType = wrapper.application; includeInIndex = 0; path = "The Better Me.app"; sourceTree = BUILT_PRODUCTS_DIR; };
		0BC1E25C1C60CEDA00F190DD /* main.m */ = {isa = PBXFileReference; lastKnownFileType = sourcecode.c.objc; path = main.m; sourceTree = "<group>"; };
		0BC1E25E1C60CEDA00F190DD /* AppDelegate.h */ = {isa = PBXFileReference; lastKnownFileType = sourcecode.c.h; path = AppDelegate.h; sourceTree = "<group>"; };
		0BC1E25F1C60CEDA00F190DD /* AppDelegate.m */ = {isa = PBXFileReference; lastKnownFileType = sourcecode.c.objc; path = AppDelegate.m; sourceTree = "<group>"; };
		0BC1E2651C60CEDA00F190DD /* Base */ = {isa = PBXFileReference; lastKnownFileType = file.storyboard; name = Base; path = Base.lproj/Main.storyboard; sourceTree = "<group>"; };
		0BC1E2671C60CEDA00F190DD /* Assets.xcassets */ = {isa = PBXFileReference; lastKnownFileType = folder.assetcatalog; path = Assets.xcassets; sourceTree = "<group>"; };
		0BC1E26A1C60CEDA00F190DD /* Base */ = {isa = PBXFileReference; lastKnownFileType = file.storyboard; name = Base; path = Base.lproj/LaunchScreen.storyboard; sourceTree = "<group>"; };
		0BC1E26C1C60CEDA00F190DD /* Info.plist */ = {isa = PBXFileReference; lastKnownFileType = text.plist.xml; path = Info.plist; sourceTree = "<group>"; };
		0BC1E2721C60D22600F190DD /* Bolts.framework */ = {isa = PBXFileReference; lastKnownFileType = wrapper.framework; path = Bolts.framework; sourceTree = "<group>"; };
		0BC1E2731C60D22600F190DD /* Parse.framework */ = {isa = PBXFileReference; lastKnownFileType = wrapper.framework; path = Parse.framework; sourceTree = "<group>"; };
		0BC1E2741C60D22600F190DD /* ParseFacebookUtils.framework */ = {isa = PBXFileReference; lastKnownFileType = wrapper.framework; path = ParseFacebookUtils.framework; sourceTree = "<group>"; };
		0BC1E2751C60D22600F190DD /* ParseFacebookUtilsV4.framework */ = {isa = PBXFileReference; lastKnownFileType = wrapper.framework; path = ParseFacebookUtilsV4.framework; sourceTree = "<group>"; };
		0BC1E2761C60D22600F190DD /* ParseTwitterUtils.framework */ = {isa = PBXFileReference; lastKnownFileType = wrapper.framework; path = ParseTwitterUtils.framework; sourceTree = "<group>"; };
		0BC1E2771C60D22600F190DD /* ParseUI.framework */ = {isa = PBXFileReference; lastKnownFileType = wrapper.framework; path = ParseUI.framework; sourceTree = "<group>"; };
		0BC1E27E1C60D37800F190DD /* AudioToolbox.framework */ = {isa = PBXFileReference; lastKnownFileType = wrapper.framework; name = AudioToolbox.framework; path = System/Library/Frameworks/AudioToolbox.framework; sourceTree = SDKROOT; };
		0BC1E27F1C60D37800F190DD /* CFNetwork.framework */ = {isa = PBXFileReference; lastKnownFileType = wrapper.framework; name = CFNetwork.framework; path = System/Library/Frameworks/CFNetwork.framework; sourceTree = SDKROOT; };
		0BC1E2801C60D37800F190DD /* CoreGraphics.framework */ = {isa = PBXFileReference; lastKnownFileType = wrapper.framework; name = CoreGraphics.framework; path = System/Library/Frameworks/CoreGraphics.framework; sourceTree = SDKROOT; };
		0BC1E2811C60D37800F190DD /* CoreLocation.framework */ = {isa = PBXFileReference; lastKnownFileType = wrapper.framework; name = CoreLocation.framework; path = System/Library/Frameworks/CoreLocation.framework; sourceTree = SDKROOT; };
		0BC1E2821C60D37800F190DD /* libsqlite3.tbd */ = {isa = PBXFileReference; lastKnownFileType = "sourcecode.text-based-dylib-definition"; name = libsqlite3.tbd; path = usr/lib/libsqlite3.tbd; sourceTree = SDKROOT; };
		0BC1E2831C60D37800F190DD /* libz.tbd */ = {isa = PBXFileReference; lastKnownFileType = "sourcecode.text-based-dylib-definition"; name = libz.tbd; path = usr/lib/libz.tbd; sourceTree = SDKROOT; };
		0BC1E2841C60D37800F190DD /* QuartzCore.framework */ = {isa = PBXFileReference; lastKnownFileType = wrapper.framework; name = QuartzCore.framework; path = System/Library/Frameworks/QuartzCore.framework; sourceTree = SDKROOT; };
		0BC1E2851C60D37800F190DD /* Security.framework */ = {isa = PBXFileReference; lastKnownFileType = wrapper.framework; name = Security.framework; path = System/Library/Frameworks/Security.framework; sourceTree = SDKROOT; };
		0BC1E2861C60D37800F190DD /* StoreKit.framework */ = {isa = PBXFileReference; lastKnownFileType = wrapper.framework; name = StoreKit.framework; path = System/Library/Frameworks/StoreKit.framework; sourceTree = SDKROOT; };
		0BC1E2871C60D37800F190DD /* SystemConfiguration.framework */ = {isa = PBXFileReference; lastKnownFileType = wrapper.framework; name = SystemConfiguration.framework; path = System/Library/Frameworks/SystemConfiguration.framework; sourceTree = SDKROOT; };
		0BC1E29A1C616EE800F190DD /* LoginViewController.h */ = {isa = PBXFileReference; fileEncoding = 4; lastKnownFileType = sourcecode.c.h; path = LoginViewController.h; sourceTree = "<group>"; };
		0BC1E29B1C616EE800F190DD /* LoginViewController.m */ = {isa = PBXFileReference; fileEncoding = 4; lastKnownFileType = sourcecode.c.objc; path = LoginViewController.m; sourceTree = "<group>"; };
		0BC1E29D1C616F0700F190DD /* RegisterViewController.h */ = {isa = PBXFileReference; fileEncoding = 4; lastKnownFileType = sourcecode.c.h; path = RegisterViewController.h; sourceTree = "<group>"; };
		0BC1E29E1C616F0700F190DD /* RegisterViewController.m */ = {isa = PBXFileReference; fileEncoding = 4; lastKnownFileType = sourcecode.c.objc; path = RegisterViewController.m; sourceTree = "<group>"; };
		0BC1E2A01C616F9100F190DD /* ProfileViewController.h */ = {isa = PBXFileReference; fileEncoding = 4; lastKnownFileType = sourcecode.c.h; path = ProfileViewController.h; sourceTree = "<group>"; };
		0BC1E2A11C616F9100F190DD /* ProfileViewController.m */ = {isa = PBXFileReference; fileEncoding = 4; lastKnownFileType = sourcecode.c.objc; path = ProfileViewController.m; sourceTree = "<group>"; };
		0BC1E2A31C616FCF00F190DD /* HomeViewController.h */ = {isa = PBXFileReference; fileEncoding = 4; lastKnownFileType = sourcecode.c.h; path = HomeViewController.h; sourceTree = "<group>"; };
		0BC1E2A41C616FCF00F190DD /* HomeViewController.m */ = {isa = PBXFileReference; fileEncoding = 4; lastKnownFileType = sourcecode.c.objc; path = HomeViewController.m; sourceTree = "<group>"; };
		0BC1E2A61C6171AC00F190DD /* UserAdditionalInfoViewController.h */ = {isa = PBXFileReference; fileEncoding = 4; lastKnownFileType = sourcecode.c.h; path = UserAdditionalInfoViewController.h; sourceTree = "<group>"; };
		0BC1E2A71C6171AC00F190DD /* UserAdditionalInfoViewController.m */ = {isa = PBXFileReference; fileEncoding = 4; lastKnownFileType = sourcecode.c.objc; path = UserAdditionalInfoViewController.m; sourceTree = "<group>"; };
		0BC1E2AB1C61731400F190DD /* CreateMenuViewController.h */ = {isa = PBXFileReference; fileEncoding = 4; lastKnownFileType = sourcecode.c.h; path = CreateMenuViewController.h; sourceTree = "<group>"; };
		0BC1E2AC1C61731400F190DD /* CreateMenuViewController.m */ = {isa = PBXFileReference; fileEncoding = 4; lastKnownFileType = sourcecode.c.objc; path = CreateMenuViewController.m; sourceTree = "<group>"; };
		0BC1E2AE1C61733400F190DD /* CreateProgramViewController.h */ = {isa = PBXFileReference; fileEncoding = 4; lastKnownFileType = sourcecode.c.h; path = CreateProgramViewController.h; sourceTree = "<group>"; };
		0BC1E2AF1C61733400F190DD /* CreateProgramViewController.m */ = {isa = PBXFileReference; fileEncoding = 4; lastKnownFileType = sourcecode.c.objc; path = CreateProgramViewController.m; sourceTree = "<group>"; };
		0BC1E2B11C61738100F190DD /* DetailsMenuViewController.h */ = {isa = PBXFileReference; fileEncoding = 4; lastKnownFileType = sourcecode.c.h; path = DetailsMenuViewController.h; sourceTree = "<group>"; };
		0BC1E2B21C61738100F190DD /* DetailsMenuViewController.m */ = {isa = PBXFileReference; fileEncoding = 4; lastKnownFileType = sourcecode.c.objc; path = DetailsMenuViewController.m; sourceTree = "<group>"; };
		0BC1E2B41C6173A100F190DD /* DetailsProgramViewController.h */ = {isa = PBXFileReference; fileEncoding = 4; lastKnownFileType = sourcecode.c.h; path = DetailsProgramViewController.h; sourceTree = "<group>"; };
		0BC1E2B51C6173A100F190DD /* DetailsProgramViewController.m */ = {isa = PBXFileReference; fileEncoding = 4; lastKnownFileType = sourcecode.c.objc; path = DetailsProgramViewController.m; sourceTree = "<group>"; };
		0BC1E2B81C61761A00F190DD /* HomeTableViewCell.h */ = {isa = PBXFileReference; fileEncoding = 4; lastKnownFileType = sourcecode.c.h; path = HomeTableViewCell.h; sourceTree = "<group>"; };
		0BC1E2B91C61761A00F190DD /* HomeTableViewCell.m */ = {isa = PBXFileReference; fileEncoding = 4; lastKnownFileType = sourcecode.c.objc; path = HomeTableViewCell.m; sourceTree = "<group>"; };
		0BC1E2BA1C61761A00F190DD /* HomeTableViewCell.xib */ = {isa = PBXFileReference; fileEncoding = 4; lastKnownFileType = file.xib; path = HomeTableViewCell.xib; sourceTree = "<group>"; };
		0BC1E2BD1C61770100F190DD /* DetailsProgramTableViewCell.h */ = {isa = PBXFileReference; fileEncoding = 4; lastKnownFileType = sourcecode.c.h; path = DetailsProgramTableViewCell.h; sourceTree = "<group>"; };
		0BC1E2BE1C61770100F190DD /* DetailsProgramTableViewCell.m */ = {isa = PBXFileReference; fileEncoding = 4; lastKnownFileType = sourcecode.c.objc; path = DetailsProgramTableViewCell.m; sourceTree = "<group>"; };
		0BC1E2BF1C61770100F190DD /* DetailsProgramTableViewCell.xib */ = {isa = PBXFileReference; fileEncoding = 4; lastKnownFileType = file.xib; path = DetailsProgramTableViewCell.xib; sourceTree = "<group>"; };
		0BD5E6931C6209C50024CF2C /* DBManager.h */ = {isa = PBXFileReference; fileEncoding = 4; lastKnownFileType = sourcecode.c.h; path = DBManager.h; sourceTree = "<group>"; };
		0BD5E6941C6209C50024CF2C /* DBManager.m */ = {isa = PBXFileReference; fileEncoding = 4; lastKnownFileType = sourcecode.c.objc; path = DBManager.m; sourceTree = "<group>"; };
		0BD5E6961C6213280024CF2C /* libsqlite3.dylib */ = {isa = PBXFileReference; lastKnownFileType = "compiled.mach-o.dylib"; name = libsqlite3.dylib; path = ../../../../../usr/lib/libsqlite3.dylib; sourceTree = "<group>"; };
		0BD5E6971C6213280024CF2C /* libz.1.dylib */ = {isa = PBXFileReference; lastKnownFileType = "compiled.mach-o.dylib"; name = libz.1.dylib; path = ../../../../../usr/lib/libz.1.dylib; sourceTree = "<group>"; };
		0BD5E69B1C622ADA0024CF2C /* User.h */ = {isa = PBXFileReference; fileEncoding = 4; lastKnownFileType = sourcecode.c.h; path = User.h; sourceTree = "<group>"; };
		0BD5E69C1C622ADB0024CF2C /* User.m */ = {isa = PBXFileReference; fileEncoding = 4; lastKnownFileType = sourcecode.c.objc; path = User.m; sourceTree = "<group>"; };
		0BD5E6A01C623A8B0024CF2C /* The Better Me-Bridging-Header.h */ = {isa = PBXFileReference; lastKnownFileType = sourcecode.c.h; path = "The Better Me-Bridging-Header.h"; sourceTree = "<group>"; };
		0BD5E6A11C623A8F0024CF2C /* Validator.swift */ = {isa = PBXFileReference; fileEncoding = 4; lastKnownFileType = sourcecode.swift; path = Validator.swift; sourceTree = "<group>"; };
		0BD5E6A61C6242730024CF2C /* UserConstants.h */ = {isa = PBXFileReference; fileEncoding = 4; lastKnownFileType = sourcecode.c.h; path = UserConstants.h; sourceTree = "<group>"; };
		0BD5E6A71C6242730024CF2C /* UserConstants.m */ = {isa = PBXFileReference; fileEncoding = 4; lastKnownFileType = sourcecode.c.objc; path = UserConstants.m; sourceTree = "<group>"; };
		0BD5E6A91C62843F0024CF2C /* Product.h */ = {isa = PBXFileReference; fileEncoding = 4; lastKnownFileType = sourcecode.c.h; path = Product.h; sourceTree = "<group>"; };
		0BD5E6AA1C6284400024CF2C /* Product.m */ = {isa = PBXFileReference; fileEncoding = 4; lastKnownFileType = sourcecode.c.objc; path = Product.m; sourceTree = "<group>"; };
		0BD5E6AC1C6287680024CF2C /* ProductConstants.h */ = {isa = PBXFileReference; fileEncoding = 4; lastKnownFileType = sourcecode.c.h; path = ProductConstants.h; sourceTree = "<group>"; };
		0BD5E6AD1C6287680024CF2C /* ProductConstants.m */ = {isa = PBXFileReference; fileEncoding = 4; lastKnownFileType = sourcecode.c.objc; path = ProductConstants.m; sourceTree = "<group>"; };
		0BD5E6AF1C62A6080024CF2C /* Exercise.h */ = {isa = PBXFileReference; fileEncoding = 4; lastKnownFileType = sourcecode.c.h; path = Exercise.h; sourceTree = "<group>"; };
		0BD5E6B01C62A6090024CF2C /* Exercise.m */ = {isa = PBXFileReference; fileEncoding = 4; lastKnownFileType = sourcecode.c.objc; path = Exercise.m; sourceTree = "<group>"; };
		0BD5E6B21C62AAF50024CF2C /* ExerciseConstants.h */ = {isa = PBXFileReference; fileEncoding = 4; lastKnownFileType = sourcecode.c.h; path = ExerciseConstants.h; sourceTree = "<group>"; };
		0BD5E6B31C62AAF70024CF2C /* ExerciseConstants.m */ = {isa = PBXFileReference; fileEncoding = 4; lastKnownFileType = sourcecode.c.objc; path = ExerciseConstants.m; sourceTree = "<group>"; };
/* End PBXFileReference section */

/* Begin PBXFrameworksBuildPhase section */
		0BC1E2551C60CED900F190DD /* Frameworks */ = {
			isa = PBXFrameworksBuildPhase;
			buildActionMask = 2147483647;
			files = (
				0BD5E6981C6213280024CF2C /* libsqlite3.dylib in Frameworks */,
				0BD5E6991C6213280024CF2C /* libz.1.dylib in Frameworks */,
				0BC1E2881C60D37800F190DD /* AudioToolbox.framework in Frameworks */,
				0BC1E2891C60D37800F190DD /* CFNetwork.framework in Frameworks */,
				0BC1E28A1C60D37800F190DD /* CoreGraphics.framework in Frameworks */,
				0BC1E28B1C60D37800F190DD /* CoreLocation.framework in Frameworks */,
				0BC1E28C1C60D37800F190DD /* libsqlite3.tbd in Frameworks */,
				0BC1E28D1C60D37800F190DD /* libz.tbd in Frameworks */,
				0BC1E28E1C60D37800F190DD /* QuartzCore.framework in Frameworks */,
				0BC1E28F1C60D37800F190DD /* Security.framework in Frameworks */,
				0BC1E2901C60D37800F190DD /* StoreKit.framework in Frameworks */,
				0BC1E2911C60D37800F190DD /* SystemConfiguration.framework in Frameworks */,
				0BC1E2781C60D22600F190DD /* Bolts.framework in Frameworks */,
				0BC1E2791C60D22600F190DD /* Parse.framework in Frameworks */,
				0BC1E27A1C60D22600F190DD /* ParseFacebookUtils.framework in Frameworks */,
				0BC1E27B1C60D22600F190DD /* ParseFacebookUtilsV4.framework in Frameworks */,
				0BC1E27C1C60D22600F190DD /* ParseTwitterUtils.framework in Frameworks */,
				0BC1E27D1C60D22600F190DD /* ParseUI.framework in Frameworks */,
			);
			runOnlyForDeploymentPostprocessing = 0;
		};
/* End PBXFrameworksBuildPhase section */

/* Begin PBXGroup section */
		0BC1E24F1C60CED900F190DD = {
			isa = PBXGroup;
			children = (
				0BC1E2921C60D39100F190DD /* Frameworks */,
				0BC1E25A1C60CEDA00F190DD /* The Better Me */,
				0BC1E2591C60CEDA00F190DD /* Products */,
			);
			sourceTree = "<group>";
		};
		0BC1E2591C60CEDA00F190DD /* Products */ = {
			isa = PBXGroup;
			children = (
				0BC1E2581C60CEDA00F190DD /* The Better Me.app */,
			);
			name = Products;
			sourceTree = "<group>";
		};
		0BC1E25A1C60CEDA00F190DD /* The Better Me */ = {
			isa = PBXGroup;
			children = (
				0BC1E2C21C6178D600F190DD /* Helpers */,
				0BC1E2B71C6173E500F190DD /* Data */,
				0BC1E2961C61561A00F190DD /* ViewControllers */,
				0BC1E2951C61561000F190DD /* Views */,
				0BC1E2941C6155E100F190DD /* Models */,
				0BC1E2641C60CEDA00F190DD /* Main.storyboard */,
				0BC1E25B1C60CEDA00F190DD /* Supporting Files */,
			);
			path = "The Better Me";
			sourceTree = "<group>";
		};
		0BC1E25B1C60CEDA00F190DD /* Supporting Files */ = {
			isa = PBXGroup;
			children = (
				0BC1E2931C6155BF00F190DD /* AppDelegate */,
				0BC1E2671C60CEDA00F190DD /* Assets.xcassets */,
				0BC1E2691C60CEDA00F190DD /* LaunchScreen.storyboard */,
				0BC1E26C1C60CEDA00F190DD /* Info.plist */,
				0BC1E25C1C60CEDA00F190DD /* main.m */,
			);
			name = "Supporting Files";
			sourceTree = "<group>";
		};
		0BC1E2921C60D39100F190DD /* Frameworks */ = {
			isa = PBXGroup;
			children = (
				0BD5E6961C6213280024CF2C /* libsqlite3.dylib */,
				0BD5E6971C6213280024CF2C /* libz.1.dylib */,
				0BC1E27E1C60D37800F190DD /* AudioToolbox.framework */,
				0BC1E27F1C60D37800F190DD /* CFNetwork.framework */,
				0BC1E2801C60D37800F190DD /* CoreGraphics.framework */,
				0BC1E2811C60D37800F190DD /* CoreLocation.framework */,
				0BC1E2821C60D37800F190DD /* libsqlite3.tbd */,
				0BC1E2831C60D37800F190DD /* libz.tbd */,
				0BC1E2841C60D37800F190DD /* QuartzCore.framework */,
				0BC1E2851C60D37800F190DD /* Security.framework */,
				0BC1E2861C60D37800F190DD /* StoreKit.framework */,
				0BC1E2871C60D37800F190DD /* SystemConfiguration.framework */,
				0BC1E2721C60D22600F190DD /* Bolts.framework */,
				0BC1E2731C60D22600F190DD /* Parse.framework */,
				0BC1E2741C60D22600F190DD /* ParseFacebookUtils.framework */,
				0BC1E2751C60D22600F190DD /* ParseFacebookUtilsV4.framework */,
				0BC1E2761C60D22600F190DD /* ParseTwitterUtils.framework */,
				0BC1E2771C60D22600F190DD /* ParseUI.framework */,
			);
			name = Frameworks;
			sourceTree = "<group>";
		};
		0BC1E2931C6155BF00F190DD /* AppDelegate */ = {
			isa = PBXGroup;
			children = (
				0BC1E25E1C60CEDA00F190DD /* AppDelegate.h */,
				0BC1E25F1C60CEDA00F190DD /* AppDelegate.m */,
			);
			name = AppDelegate;
			sourceTree = "<group>";
		};
		0BC1E2941C6155E100F190DD /* Models */ = {
			isa = PBXGroup;
			children = (
			);
			name = Models;
			sourceTree = "<group>";
		};
		0BC1E2951C61561000F190DD /* Views */ = {
			isa = PBXGroup;
			children = (
				0BC1E2B81C61761A00F190DD /* HomeTableViewCell.h */,
				0BC1E2B91C61761A00F190DD /* HomeTableViewCell.m */,
				0BC1E2BA1C61761A00F190DD /* HomeTableViewCell.xib */,
				0BC1E2BD1C61770100F190DD /* DetailsProgramTableViewCell.h */,
				0BC1E2BE1C61770100F190DD /* DetailsProgramTableViewCell.m */,
				0BC1E2BF1C61770100F190DD /* DetailsProgramTableViewCell.xib */,
			);
			name = Views;
			sourceTree = "<group>";
		};
		0BC1E2961C61561A00F190DD /* ViewControllers */ = {
			isa = PBXGroup;
			children = (
				0BC1E2AA1C6172B000F190DD /* Details */,
				0BC1E2A91C61724A00F190DD /* Create */,
				0BC1E2991C61572600F190DD /* Home */,
				0BC1E2981C6156B100F190DD /* Authentication */,
				0BC1E2971C6156A700F190DD /* User */,
			);
			name = ViewControllers;
			sourceTree = "<group>";
		};
		0BC1E2971C6156A700F190DD /* User */ = {
			isa = PBXGroup;
			children = (
				0BC1E2A01C616F9100F190DD /* ProfileViewController.h */,
				0BC1E2A11C616F9100F190DD /* ProfileViewController.m */,
				0BC1E2A61C6171AC00F190DD /* UserAdditionalInfoViewController.h */,
				0BC1E2A71C6171AC00F190DD /* UserAdditionalInfoViewController.m */,
			);
			name = User;
			sourceTree = "<group>";
		};
		0BC1E2981C6156B100F190DD /* Authentication */ = {
			isa = PBXGroup;
			children = (
				0BC1E29A1C616EE800F190DD /* LoginViewController.h */,
				0BC1E29B1C616EE800F190DD /* LoginViewController.m */,
				0BC1E29D1C616F0700F190DD /* RegisterViewController.h */,
				0BC1E29E1C616F0700F190DD /* RegisterViewController.m */,
			);
			name = Authentication;
			sourceTree = "<group>";
		};
		0BC1E2991C61572600F190DD /* Home */ = {
			isa = PBXGroup;
			children = (
				0BC1E2A31C616FCF00F190DD /* HomeViewController.h */,
				0BC1E2A41C616FCF00F190DD /* HomeViewController.m */,
			);
			name = Home;
			sourceTree = "<group>";
		};
		0BC1E2A91C61724A00F190DD /* Create */ = {
			isa = PBXGroup;
			children = (
				0BC1E2AB1C61731400F190DD /* CreateMenuViewController.h */,
				0BC1E2AC1C61731400F190DD /* CreateMenuViewController.m */,
				0BC1E2AE1C61733400F190DD /* CreateProgramViewController.h */,
				0BC1E2AF1C61733400F190DD /* CreateProgramViewController.m */,
			);
			name = Create;
			sourceTree = "<group>";
		};
		0BC1E2AA1C6172B000F190DD /* Details */ = {
			isa = PBXGroup;
			children = (
				0BC1E2B11C61738100F190DD /* DetailsMenuViewController.h */,
				0BC1E2B21C61738100F190DD /* DetailsMenuViewController.m */,
				0BC1E2B41C6173A100F190DD /* DetailsProgramViewController.h */,
				0BC1E2B51C6173A100F190DD /* DetailsProgramViewController.m */,
			);
			name = Details;
			sourceTree = "<group>";
		};
		0BC1E2B71C6173E500F190DD /* Data */ = {
			isa = PBXGroup;
			children = (
				0BD5E69A1C622A7F0024CF2C /* Entities */,
				0BD5E6931C6209C50024CF2C /* DBManager.h */,
				0BD5E6941C6209C50024CF2C /* DBManager.m */,
			);
			name = Data;
			sourceTree = "<group>";
		};
		0BC1E2C21C6178D600F190DD /* Helpers */ = {
			isa = PBXGroup;
			children = (
				0BD5E69F1C6238100024CF2C /* Constants */,
				0BD5E69E1C6237D70024CF2C /* Validation */,
			);
			name = Helpers;
			sourceTree = "<group>";
		};
		0BD5E69A1C622A7F0024CF2C /* Entities */ = {
			isa = PBXGroup;
			children = (
				0BD5E69B1C622ADA0024CF2C /* User.h */,
				0BD5E69C1C622ADB0024CF2C /* User.m */,
				0BD5E6A91C62843F0024CF2C /* Product.h */,
				0BD5E6AA1C6284400024CF2C /* Product.m */,
				0BD5E6AF1C62A6080024CF2C /* Exercise.h */,
				0BD5E6B01C62A6090024CF2C /* Exercise.m */,
			);
			name = Entities;
			sourceTree = "<group>";
		};
		0BD5E69E1C6237D70024CF2C /* Validation */ = {
			isa = PBXGroup;
			children = (
				0BD5E6A11C623A8F0024CF2C /* Validator.swift */,
				0BD5E6A01C623A8B0024CF2C /* The Better Me-Bridging-Header.h */,
			);
			name = Validation;
			sourceTree = "<group>";
		};
		0BD5E69F1C6238100024CF2C /* Constants */ = {
			isa = PBXGroup;
			children = (
				0BD5E6A61C6242730024CF2C /* UserConstants.h */,
				0BD5E6A71C6242730024CF2C /* UserConstants.m */,
				0BD5E6AC1C6287680024CF2C /* ProductConstants.h */,
				0BD5E6AD1C6287680024CF2C /* ProductConstants.m */,
				0BD5E6B21C62AAF50024CF2C /* ExerciseConstants.h */,
				0BD5E6B31C62AAF70024CF2C /* ExerciseConstants.m */,
			);
			name = Constants;
			sourceTree = "<group>";
		};
/* End PBXGroup section */

/* Begin PBXNativeTarget section */
		0BC1E2571C60CED900F190DD /* The Better Me */ = {
			isa = PBXNativeTarget;
			buildConfigurationList = 0BC1E26F1C60CEDA00F190DD /* Build configuration list for PBXNativeTarget "The Better Me" */;
			buildPhases = (
				0BC1E2541C60CED900F190DD /* Sources */,
				0BC1E2551C60CED900F190DD /* Frameworks */,
				0BC1E2561C60CED900F190DD /* Resources */,
			);
			buildRules = (
			);
			dependencies = (
			);
			name = "The Better Me";
			productName = "The Better Me";
			productReference = 0BC1E2581C60CEDA00F190DD /* The Better Me.app */;
			productType = "com.apple.product-type.application";
		};
/* End PBXNativeTarget section */

/* Begin PBXProject section */
		0BC1E2501C60CED900F190DD /* Project object */ = {
			isa = PBXProject;
			attributes = {
				LastUpgradeCheck = 0720;
				ORGANIZATIONNAME = "Dimitar Dzhurenov";
				TargetAttributes = {
					0BC1E2571C60CED900F190DD = {
						CreatedOnToolsVersion = 7.2;
					};
				};
			};
			buildConfigurationList = 0BC1E2531C60CED900F190DD /* Build configuration list for PBXProject "The Better Me" */;
			compatibilityVersion = "Xcode 3.2";
			developmentRegion = English;
			hasScannedForEncodings = 0;
			knownRegions = (
				en,
				Base,
			);
			mainGroup = 0BC1E24F1C60CED900F190DD;
			productRefGroup = 0BC1E2591C60CEDA00F190DD /* Products */;
			projectDirPath = "";
			projectRoot = "";
			targets = (
				0BC1E2571C60CED900F190DD /* The Better Me */,
			);
		};
/* End PBXProject section */

/* Begin PBXResourcesBuildPhase section */
		0BC1E2561C60CED900F190DD /* Resources */ = {
			isa = PBXResourcesBuildPhase;
			buildActionMask = 2147483647;
			files = (
				0BC1E26B1C60CEDA00F190DD /* LaunchScreen.storyboard in Resources */,
				0BC1E2C11C61770100F190DD /* DetailsProgramTableViewCell.xib in Resources */,
				0BC1E2681C60CEDA00F190DD /* Assets.xcassets in Resources */,
				0BC1E2BC1C61761A00F190DD /* HomeTableViewCell.xib in Resources */,
				0BC1E2661C60CEDA00F190DD /* Main.storyboard in Resources */,
			);
			runOnlyForDeploymentPostprocessing = 0;
		};
/* End PBXResourcesBuildPhase section */

/* Begin PBXSourcesBuildPhase section */
		0BC1E2541C60CED900F190DD /* Sources */ = {
			isa = PBXSourcesBuildPhase;
			buildActionMask = 2147483647;
			files = (
				0BD5E6B41C62AAF70024CF2C /* ExerciseConstants.m in Sources */,
				0BD5E6A21C623A8F0024CF2C /* Validator.swift in Sources */,
				0BD5E6B11C62A6090024CF2C /* Exercise.m in Sources */,
				0BD5E6AE1C6287680024CF2C /* ProductConstants.m in Sources */,
				0BC1E2601C60CEDA00F190DD /* AppDelegate.m in Sources */,
				0BC1E2A81C6171AC00F190DD /* UserAdditionalInfoViewController.m in Sources */,
				0BD5E6AB1C6284400024CF2C /* Product.m in Sources */,
				0BC1E2BB1C61761A00F190DD /* HomeTableViewCell.m in Sources */,
				0BC1E2B31C61738100F190DD /* DetailsMenuViewController.m in Sources */,
				0BC1E25D1C60CEDA00F190DD /* main.m in Sources */,
				0BD5E69D1C622ADB0024CF2C /* User.m in Sources */,
				0BC1E2B61C6173A100F190DD /* DetailsProgramViewController.m in Sources */,
				0BC1E2C01C61770100F190DD /* DetailsProgramTableViewCell.m in Sources */,
				0BD5E6951C6209C50024CF2C /* DBManager.m in Sources */,
				0BD5E6A81C6242730024CF2C /* UserConstants.m in Sources */,
				0BC1E29C1C616EE900F190DD /* LoginViewController.m in Sources */,
				0BC1E29F1C616F0700F190DD /* RegisterViewController.m in Sources */,
				0BC1E2B01C61733400F190DD /* CreateProgramViewController.m in Sources */,
				0BC1E2AD1C61731400F190DD /* CreateMenuViewController.m in Sources */,
				0BC1E2A21C616F9100F190DD /* ProfileViewController.m in Sources */,
				0BC1E2A51C616FCF00F190DD /* HomeViewController.m in Sources */,
			);
			runOnlyForDeploymentPostprocessing = 0;
		};
/* End PBXSourcesBuildPhase section */

/* Begin PBXVariantGroup section */
		0BC1E2641C60CEDA00F190DD /* Main.storyboard */ = {
			isa = PBXVariantGroup;
			children = (
				0BC1E2651C60CEDA00F190DD /* Base */,
			);
			name = Main.storyboard;
			sourceTree = "<group>";
		};
		0BC1E2691C60CEDA00F190DD /* LaunchScreen.storyboard */ = {
			isa = PBXVariantGroup;
			children = (
				0BC1E26A1C60CEDA00F190DD /* Base */,
			);
			name = LaunchScreen.storyboard;
			sourceTree = "<group>";
		};
/* End PBXVariantGroup section */

/* Begin XCBuildConfiguration section */
		0BC1E26D1C60CEDA00F190DD /* Debug */ = {
			isa = XCBuildConfiguration;
			buildSettings = {
				ALWAYS_SEARCH_USER_PATHS = NO;
				CLANG_CXX_LANGUAGE_STANDARD = "gnu++0x";
				CLANG_CXX_LIBRARY = "libc++";
				CLANG_ENABLE_MODULES = YES;
				CLANG_ENABLE_OBJC_ARC = YES;
				CLANG_WARN_BOOL_CONVERSION = YES;
				CLANG_WARN_CONSTANT_CONVERSION = YES;
				CLANG_WARN_DIRECT_OBJC_ISA_USAGE = YES_ERROR;
				CLANG_WARN_EMPTY_BODY = YES;
				CLANG_WARN_ENUM_CONVERSION = YES;
				CLANG_WARN_INT_CONVERSION = YES;
				CLANG_WARN_OBJC_ROOT_CLASS = YES_ERROR;
				CLANG_WARN_UNREACHABLE_CODE = YES;
				CLANG_WARN__DUPLICATE_METHOD_MATCH = YES;
				"CODE_SIGN_IDENTITY[sdk=iphoneos*]" = "iPhone Developer";
				COPY_PHASE_STRIP = NO;
				DEBUG_INFORMATION_FORMAT = dwarf;
				ENABLE_STRICT_OBJC_MSGSEND = YES;
				ENABLE_TESTABILITY = YES;
				GCC_C_LANGUAGE_STANDARD = gnu99;
				GCC_DYNAMIC_NO_PIC = NO;
				GCC_NO_COMMON_BLOCKS = YES;
				GCC_OPTIMIZATION_LEVEL = 0;
				GCC_PREPROCESSOR_DEFINITIONS = (
					"DEBUG=1",
					"$(inherited)",
				);
				GCC_WARN_64_TO_32_BIT_CONVERSION = YES;
				GCC_WARN_ABOUT_RETURN_TYPE = YES_ERROR;
				GCC_WARN_UNDECLARED_SELECTOR = YES;
				GCC_WARN_UNINITIALIZED_AUTOS = YES_AGGRESSIVE;
				GCC_WARN_UNUSED_FUNCTION = YES;
				GCC_WARN_UNUSED_VARIABLE = YES;
				IPHONEOS_DEPLOYMENT_TARGET = 9.2;
				MTL_ENABLE_DEBUG_INFO = YES;
				ONLY_ACTIVE_ARCH = YES;
				SDKROOT = iphoneos;
			};
			name = Debug;
		};
		0BC1E26E1C60CEDA00F190DD /* Release */ = {
			isa = XCBuildConfiguration;
			buildSettings = {
				ALWAYS_SEARCH_USER_PATHS = NO;
				CLANG_CXX_LANGUAGE_STANDARD = "gnu++0x";
				CLANG_CXX_LIBRARY = "libc++";
				CLANG_ENABLE_MODULES = YES;
				CLANG_ENABLE_OBJC_ARC = YES;
				CLANG_WARN_BOOL_CONVERSION = YES;
				CLANG_WARN_CONSTANT_CONVERSION = YES;
				CLANG_WARN_DIRECT_OBJC_ISA_USAGE = YES_ERROR;
				CLANG_WARN_EMPTY_BODY = YES;
				CLANG_WARN_ENUM_CONVERSION = YES;
				CLANG_WARN_INT_CONVERSION = YES;
				CLANG_WARN_OBJC_ROOT_CLASS = YES_ERROR;
				CLANG_WARN_UNREACHABLE_CODE = YES;
				CLANG_WARN__DUPLICATE_METHOD_MATCH = YES;
				"CODE_SIGN_IDENTITY[sdk=iphoneos*]" = "iPhone Developer";
				COPY_PHASE_STRIP = NO;
				DEBUG_INFORMATION_FORMAT = "dwarf-with-dsym";
				ENABLE_NS_ASSERTIONS = NO;
				ENABLE_STRICT_OBJC_MSGSEND = YES;
				GCC_C_LANGUAGE_STANDARD = gnu99;
				GCC_NO_COMMON_BLOCKS = YES;
				GCC_WARN_64_TO_32_BIT_CONVERSION = YES;
				GCC_WARN_ABOUT_RETURN_TYPE = YES_ERROR;
				GCC_WARN_UNDECLARED_SELECTOR = YES;
				GCC_WARN_UNINITIALIZED_AUTOS = YES_AGGRESSIVE;
				GCC_WARN_UNUSED_FUNCTION = YES;
				GCC_WARN_UNUSED_VARIABLE = YES;
				IPHONEOS_DEPLOYMENT_TARGET = 9.2;
				MTL_ENABLE_DEBUG_INFO = NO;
				SDKROOT = iphoneos;
				VALIDATE_PRODUCT = YES;
			};
			name = Release;
		};
		0BC1E2701C60CEDA00F190DD /* Debug */ = {
			isa = XCBuildConfiguration;
			buildSettings = {
				ASSETCATALOG_COMPILER_APPICON_NAME = AppIcon;
				CLANG_ENABLE_MODULES = YES;
				DEFINES_MODULE = YES;
				EMBEDDED_CONTENT_CONTAINS_SWIFT = YES;
				FRAMEWORK_SEARCH_PATHS = (
					"$(inherited)",
					"$(PROJECT_DIR)",
				);
				INFOPLIST_FILE = "The Better Me/Info.plist";
				LD_RUNPATH_SEARCH_PATHS = "$(inherited) @executable_path/Frameworks";
				PRODUCT_BUNDLE_IDENTIFIER = "telerik.The-Better-Me";
				PRODUCT_NAME = "$(TARGET_NAME)";
				SWIFT_OBJC_BRIDGING_HEADER = "The Better Me/The Better Me-Bridging-Header.h";
				SWIFT_OPTIMIZATION_LEVEL = "-Onone";
			};
			name = Debug;
		};
		0BC1E2711C60CEDA00F190DD /* Release */ = {
			isa = XCBuildConfiguration;
			buildSettings = {
				ASSETCATALOG_COMPILER_APPICON_NAME = AppIcon;
				CLANG_ENABLE_MODULES = YES;
				DEFINES_MODULE = YES;
				EMBEDDED_CONTENT_CONTAINS_SWIFT = YES;
				FRAMEWORK_SEARCH_PATHS = (
					"$(inherited)",
					"$(PROJECT_DIR)",
				);
				INFOPLIST_FILE = "The Better Me/Info.plist";
				LD_RUNPATH_SEARCH_PATHS = "$(inherited) @executable_path/Frameworks";
				PRODUCT_BUNDLE_IDENTIFIER = "telerik.The-Better-Me";
				PRODUCT_NAME = "$(TARGET_NAME)";
				SWIFT_OBJC_BRIDGING_HEADER = "The Better Me/The Better Me-Bridging-Header.h";
			};
			name = Release;
		};
/* End XCBuildConfiguration section */

/* Begin XCConfigurationList section */
		0BC1E2531C60CED900F190DD /* Build configuration list for PBXProject "The Better Me" */ = {
			isa = XCConfigurationList;
			buildConfigurations = (
				0BC1E26D1C60CEDA00F190DD /* Debug */,
				0BC1E26E1C60CEDA00F190DD /* Release */,
			);
			defaultConfigurationIsVisible = 0;
			defaultConfigurationName = Release;
		};
		0BC1E26F1C60CEDA00F190DD /* Build configuration list for PBXNativeTarget "The Better Me" */ = {
			isa = XCConfigurationList;
			buildConfigurations = (
				0BC1E2701C60CEDA00F190DD /* Debug */,
				0BC1E2711C60CEDA00F190DD /* Release */,
			);
			defaultConfigurationIsVisible = 0;
			defaultConfigurationName = Release;
		};
/* End XCConfigurationList section */
	};
	rootObject = 0BC1E2501C60CED900F190DD /* Project object */;
}
